// !$*UTF8*$!
{
	archiveVersion = 1;
	classes = {
	};
	objectVersion = 77;
	objects = {

/* Begin PBXContainerItemProxy section */
		A271BFAE2E68B0CE00C03C7C /* PBXContainerItemProxy */ = {
			isa = PBXContainerItemProxy;
			containerPortal = A271BF8F2E68B0CB00C03C7C /* Project object */;
			proxyType = 1;
			remoteGlobalIDString = A271BF962E68B0CB00C03C7C;
			remoteInfo = GettingStarted3;
		};
		A271BFB82E68B0CE00C03C7C /* PBXContainerItemProxy */ = {
			isa = PBXContainerItemProxy;
			containerPortal = A271BF8F2E68B0CB00C03C7C /* Project object */;
			proxyType = 1;
			remoteGlobalIDString = A271BF962E68B0CB00C03C7C;
			remoteInfo = GettingStarted3;
		};
/* End PBXContainerItemProxy section */

/* Begin PBXFileReference section */
		A271BF972E68B0CB00C03C7C /* GettingStarted3.app */ = {isa = PBXFileReference; explicitFileType = wrapper.application; includeInIndex = 0; path = GettingStarted3.app; sourceTree = BUILT_PRODUCTS_DIR; };
		A271BFAD2E68B0CE00C03C7C /* GettingStarted3Tests.xctest */ = {isa = PBXFileReference; explicitFileType = wrapper.cfbundle; includeInIndex = 0; path = GettingStarted3Tests.xctest; sourceTree = BUILT_PRODUCTS_DIR; };
		A271BFB72E68B0CE00C03C7C /* GettingStarted3UITests.xctest */ = {isa = PBXFileReference; explicitFileType = wrapper.cfbundle; includeInIndex = 0; path = GettingStarted3UITests.xctest; sourceTree = BUILT_PRODUCTS_DIR; };
/* End PBXFileReference section */

/* Begin PBXFileSystemSynchronizedBuildFileExceptionSet section */
		A271BFBF2E68B0CE00C03C7C /* Exceptions for "GettingStarted3" folder in "GettingStarted3" target */ = {
			isa = PBXFileSystemSynchronizedBuildFileExceptionSet;
			membershipExceptions = (
				Info.plist,
			);
			target = A271BF962E68B0CB00C03C7C /* GettingStarted3 */;
		};
/* End PBXFileSystemSynchronizedBuildFileExceptionSet section */

/* Begin PBXFileSystemSynchronizedRootGroup section */
		A271BF992E68B0CB00C03C7C /* GettingStarted3 */ = {
			isa = PBXFileSystemSynchronizedRootGroup;
			exceptions = (
				A271BFBF2E68B0CE00C03C7C /* Exceptions for "GettingStarted3" folder in "GettingStarted3" target */,
			);
			path = GettingStarted3;
			sourceTree = "<group>";
		};
		A271BFB02E68B0CE00C03C7C /* GettingStarted3Tests */ = {
			isa = PBXFileSystemSynchronizedRootGroup;
			path = GettingStarted3Tests;
			sourceTree = "<group>";
		};
		A271BFBA2E68B0CE00C03C7C /* GettingStarted3UITests */ = {
			isa = PBXFileSystemSynchronizedRootGroup;
			path = GettingStarted3UITests;
			sourceTree = "<group>";
		};
/* End PBXFileSystemSynchronizedRootGroup section */

/* Begin PBXFrameworksBuildPhase section */
		A271BF942E68B0CB00C03C7C /* Frameworks */ = {
			isa = PBXFrameworksBuildPhase;
			buildActionMask = 2147483647;
			files = (
			);
			runOnlyForDeploymentPostprocessing = 0;
		};
		A271BFAA2E68B0CE00C03C7C /* Frameworks */ = {
			isa = PBXFrameworksBuildPhase;
			buildActionMask = 2147483647;
			files = (
			);
			runOnlyForDeploymentPostprocessing = 0;
		};
		A271BFB42E68B0CE00C03C7C /* Frameworks */ = {
			isa = PBXFrameworksBuildPhase;
			buildActionMask = 2147483647;
			files = (
			);
			runOnlyForDeploymentPostprocessing = 0;
		};
/* End PBXFrameworksBuildPhase section */

/* Begin PBXGroup section */
		A271BF8E2E68B0CA00C03C7C = {
			isa = PBXGroup;
			children = (
				A271BF992E68B0CB00C03C7C /* GettingStarted3 */,
				A271BFB02E68B0CE00C03C7C /* GettingStarted3Tests */,
				A271BFBA2E68B0CE00C03C7C /* GettingStarted3UITests */,
				A271BF982E68B0CB00C03C7C /* Products */,
			);
			sourceTree = "<group>";
		};
		A271BF982E68B0CB00C03C7C /* Products */ = {
			isa = PBXGroup;
			children = (
				A271BF972E68B0CB00C03C7C /* GettingStarted3.app */,
				A271BFAD2E68B0CE00C03C7C /* GettingStarted3Tests.xctest */,
				A271BFB72E68B0CE00C03C7C /* GettingStarted3UITests.xctest */,
			);
			name = Products;
			sourceTree = "<group>";
		};
/* End PBXGroup section */

/* Begin PBXNativeTarget section */
		A271BF962E68B0CB00C03C7C /* GettingStarted3 */ = {
			isa = PBXNativeTarget;
			buildConfigurationList = A271BFC02E68B0CE00C03C7C /* Build configuration list for PBXNativeTarget "GettingStarted3" */;
			buildPhases = (
				A271BF932E68B0CB00C03C7C /* Sources */,
				A271BF942E68B0CB00C03C7C /* Frameworks */,
				A271BF952E68B0CB00C03C7C /* Resources */,
			);
			buildRules = (
			);
			dependencies = (
			);
			fileSystemSynchronizedGroups = (
				A271BF992E68B0CB00C03C7C /* GettingStarted3 */,
			);
			name = GettingStarted3;
			packageProductDependencies = (
			);
			productName = GettingStarted3;
			productReference = A271BF972E68B0CB00C03C7C /* GettingStarted3.app */;
			productType = "com.apple.product-type.application";
		};
		A271BFAC2E68B0CE00C03C7C /* GettingStarted3Tests */ = {
			isa = PBXNativeTarget;
			buildConfigurationList = A271BFC52E68B0CE00C03C7C /* Build configuration list for PBXNativeTarget "GettingStarted3Tests" */;
			buildPhases = (
				A271BFA92E68B0CE00C03C7C /* Sources */,
				A271BFAA2E68B0CE00C03C7C /* Frameworks */,
				A271BFAB2E68B0CE00C03C7C /* Resources */,
			);
			buildRules = (
			);
			dependencies = (
				A271BFAF2E68B0CE00C03C7C /* PBXTargetDependency */,
			);
			fileSystemSynchronizedGroups = (
				A271BFB02E68B0CE00C03C7C /* GettingStarted3Tests */,
			);
			name = GettingStarted3Tests;
			packageProductDependencies = (
			);
			productName = GettingStarted3Tests;
			productReference = A271BFAD2E68B0CE00C03C7C /* GettingStarted3Tests.xctest */;
			productType = "com.apple.product-type.bundle.unit-test";
		};
		A271BFB62E68B0CE00C03C7C /* GettingStarted3UITests */ = {
			isa = PBXNativeTarget;
			buildConfigurationList = A271BFC82E68B0CE00C03C7C /* Build configuration list for PBXNativeTarget "GettingStarted3UITests" */;
			buildPhases = (
				A271BFB32E68B0CE00C03C7C /* Sources */,
				A271BFB42E68B0CE00C03C7C /* Frameworks */,
				A271BFB52E68B0CE00C03C7C /* Resources */,
			);
			buildRules = (
			);
			dependencies = (
				A271BFB92E68B0CE00C03C7C /* PBXTargetDependency */,
			);
			fileSystemSynchronizedGroups = (
				A271BFBA2E68B0CE00C03C7C /* GettingStarted3UITests */,
			);
			name = GettingStarted3UITests;
			packageProductDependencies = (
			);
			productName = GettingStarted3UITests;
			productReference = A271BFB72E68B0CE00C03C7C /* GettingStarted3UITests.xctest */;
			productType = "com.apple.product-type.bundle.ui-testing";
		};
/* End PBXNativeTarget section */

/* Begin PBXProject section */
		A271BF8F2E68B0CB00C03C7C /* Project object */ = {
			isa = PBXProject;
			attributes = {
				BuildIndependentTargetsInParallel = 1;
				LastSwiftUpdateCheck = 1640;
				LastUpgradeCheck = 1640;
				TargetAttributes = {
					A271BF962E68B0CB00C03C7C = {
						CreatedOnToolsVersion = 16.4;
					};
					A271BFAC2E68B0CE00C03C7C = {
						CreatedOnToolsVersion = 16.4;
						TestTargetID = A271BF962E68B0CB00C03C7C;
					};
					A271BFB62E68B0CE00C03C7C = {
						CreatedOnToolsVersion = 16.4;
						TestTargetID = A271BF962E68B0CB00C03C7C;
					};
				};
			};
			buildConfigurationList = A271BF922E68B0CB00C03C7C /* Build configuration list for PBXProject "GettingStarted3" */;
			developmentRegion = en;
			hasScannedForEncodings = 0;
			knownRegions = (
				en,
				Base,
			);
			mainGroup = A271BF8E2E68B0CA00C03C7C;
			minimizedProjectReferenceProxies = 1;
			preferredProjectObjectVersion = 77;
			productRefGroup = A271BF982E68B0CB00C03C7C /* Products */;
			projectDirPath = "";
			projectRoot = "";
			targets = (
				A271BF962E68B0CB00C03C7C /* GettingStarted3 */,
				A271BFAC2E68B0CE00C03C7C /* GettingStarted3Tests */,
				A271BFB62E68B0CE00C03C7C /* GettingStarted3UITests */,
			);
		};
/* End PBXProject section */

/* Begin PBXResourcesBuildPhase section */
		A271BF952E68B0CB00C03C7C /* Resources */ = {
			isa = PBXResourcesBuildPhase;
			buildActionMask = 2147483647;
			files = (
			);
			runOnlyForDeploymentPostprocessing = 0;
		};
		A271BFAB2E68B0CE00C03C7C /* Resources */ = {
			isa = PBXResourcesBuildPhase;
			buildActionMask = 2147483647;
			files = (
			);
			runOnlyForDeploymentPostprocessing = 0;
		};
		A271BFB52E68B0CE00C03C7C /* Resources */ = {
			isa = PBXResourcesBuildPhase;
			buildActionMask = 2147483647;
			files = (
			);
			runOnlyForDeploymentPostprocessing = 0;
		};
/* End PBXResourcesBuildPhase section */

/* Begin PBXSourcesBuildPhase section */
		A271BF932E68B0CB00C03C7C /* Sources */ = {
			isa = PBXSourcesBuildPhase;
			buildActionMask = 2147483647;
			files = (
			);
			runOnlyForDeploymentPostprocessing = 0;
		};
		A271BFA92E68B0CE00C03C7C /* Sources */ = {
			isa = PBXSourcesBuildPhase;
			buildActionMask = 2147483647;
			files = (
			);
			runOnlyForDeploymentPostprocessing = 0;
		};
		A271BFB32E68B0CE00C03C7C /* Sources */ = {
			isa = PBXSourcesBuildPhase;
			buildActionMask = 2147483647;
			files = (
			);
			runOnlyForDeploymentPostprocessing = 0;
		};
/* End PBXSourcesBuildPhase section */

/* Begin PBXTargetDependency section */
		A271BFAF2E68B0CE00C03C7C /* PBXTargetDependency */ = {
			isa = PBXTargetDependency;
			target = A271BF962E68B0CB00C03C7C /* GettingStarted3 */;
			targetProxy = A271BFAE2E68B0CE00C03C7C /* PBXContainerItemProxy */;
		};
		A271BFB92E68B0CE00C03C7C /* PBXTargetDependency */ = {
			isa = PBXTargetDependency;
			target = A271BF962E68B0CB00C03C7C /* GettingStarted3 */;
			targetProxy = A271BFB82E68B0CE00C03C7C /* PBXContainerItemProxy */;
		};
/* End PBXTargetDependency section */

/* Begin XCBuildConfiguration section */
		A271BFC12E68B0CE00C03C7C /* Debug */ = {
			isa = XCBuildConfiguration;
			buildSettings = {
				ASSETCATALOG_COMPILER_APPICON_NAME = AppIcon;
				ASSETCATALOG_COMPILER_GLOBAL_ACCENT_COLOR_NAME = AccentColor;
				CODE_SIGN_STYLE = Automatic;
				CURRENT_PROJECT_VERSION = 1;
				GENERATE_INFOPLIST_FILE = YES;
				INFOPLIST_FILE = GettingStarted3/Info.plist;
				INFOPLIST_KEY_UIApplicationSupportsIndirectInputEvents = YES;
				INFOPLIST_KEY_UILaunchStoryboardName = LaunchScreen;
				INFOPLIST_KEY_UIMainStoryboardFile = Main;
				INFOPLIST_KEY_UISupportedInterfaceOrientations_iPad = "UIInterfaceOrientationPortrait UIInterfaceOrientationPortraitUpsideDown UIInterfaceOrientationLandscapeLeft UIInterfaceOrientationLandscapeRight";
				INFOPLIST_KEY_UISupportedInterfaceOrientations_iPhone = "UIInterfaceOrientationPortrait UIInterfaceOrientationLandscapeLeft UIInterfaceOrientationLandscapeRight";
				LD_RUNPATH_SEARCH_PATHS = (
					"$(inherited)",
					"@executable_path/Frameworks",
				);
				MARKETING_VERSION = 1.0;
				PRODUCT_BUNDLE_IDENTIFIER = mx.unam.GettingStarted3;
				PRODUCT_NAME = "$(TARGET_NAME)";
				SWIFT_EMIT_LOC_STRINGS = YES;
				SWIFT_VERSION = 5.0;
				TARGETED_DEVICE_FAMILY = "1,2";
			};
			name = Debug;
		};
		A271BFC22E68B0CE00C03C7C /* Release */ = {
			isa = XCBuildConfiguration;
			buildSettings = {
				ASSETCATALOG_COMPILER_APPICON_NAME = AppIcon;
				ASSETCATALOG_COMPILER_GLOBAL_ACCENT_COLOR_NAME = AccentColor;
				CODE_SIGN_STYLE = Automatic;
				CURRENT_PROJECT_VERSION = 1;
				GENERATE_INFOPLIST_FILE = YES;
				INFOPLIST_FILE = GettingStarted3/Info.plist;
				INFOPLIST_KEY_UIApplicationSupportsIndirectInputEvents = YES;
				INFOPLIST_KEY_UILaunchStoryboardName = LaunchScreen;
				INFOPLIST_KEY_UIMainStoryboardFile = Main;
				INFOPLIST_KEY_UISupportedInterfaceOrientations_iPad = "UIInterfaceOrientationPortrait UIInterfaceOrientationPortraitUpsideDown UIInterfaceOrientationLandscapeLeft UIInterfaceOrientationLandscapeRight";
				INFOPLIST_KEY_UISupportedInterfaceOrientations_iPhone = "UIInterfaceOrientationPortrait UIInterfaceOrientationLandscapeLeft UIInterfaceOrientationLandscapeRight";
				LD_RUNPATH_SEARCH_PATHS = (
					"$(inherited)",
					"@executable_path/Frameworks",
				);
				MARKETING_VERSION = 1.0;
				PRODUCT_BUNDLE_IDENTIFIER = mx.unam.GettingStarted3;
				PRODUCT_NAME = "$(TARGET_NAME)";
				SWIFT_EMIT_LOC_STRINGS = YES;
				SWIFT_VERSION = 5.0;
				TARGETED_DEVICE_FAMILY = "1,2";
			};
			name = Release;
		};
		A271BFC32E68B0CE00C03C7C /* Debug */ = {
			isa = XCBuildConfiguration;
			buildSettings = {
				ALWAYS_SEARCH_USER_PATHS = NO;
				ASSETCATALOG_COMPILER_GENERATE_SWIFT_ASSET_SYMBOL_EXTENSIONS = YES;
				CLANG_ANALYZER_NONNULL = YES;
				CLANG_ANALYZER_NUMBER_OBJECT_CONVERSION = YES_AGGRESSIVE;
				CLANG_CXX_LANGUAGE_STANDARD = "gnu++20";
				CLANG_ENABLE_MODULES = YES;
				CLANG_ENABLE_OBJC_ARC = YES;
				CLANG_ENABLE_OBJC_WEAK = YES;
				CLANG_WARN_BLOCK_CAPTURE_AUTORELEASING = YES;
				CLANG_WARN_BOOL_CONVERSION = YES;
				CLANG_WARN_COMMA = YES;
				CLANG_WARN_CONSTANT_CONVERSION = YES;
				CLANG_WARN_DEPRECATED_OBJC_IMPLEMENTATIONS = YES;
				CLANG_WARN_DIRECT_OBJC_ISA_USAGE = YES_ERROR;
				CLANG_WARN_DOCUMENTATION_COMMENTS = YES;
				CLANG_WARN_EMPTY_BODY = YES;
				CLANG_WARN_ENUM_CONVERSION = YES;
				CLANG_WARN_INFINITE_RECURSION = YES;
				CLANG_WARN_INT_CONVERSION = YES;
				CLANG_WARN_NON_LITERAL_NULL_CONVERSION = YES;
				CLANG_WARN_OBJC_IMPLICIT_RETAIN_SELF = YES;
				CLANG_WARN_OBJC_LITERAL_CONVERSION = YES;
				CLANG_WARN_OBJC_ROOT_CLASS = YES_ERROR;
				CLANG_WARN_QUOTED_INCLUDE_IN_FRAMEWORK_HEADER = YES;
				CLANG_WARN_RANGE_LOOP_ANALYSIS = YES;
				CLANG_WARN_STRICT_PROTOTYPES = YES;
				CLANG_WARN_SUSPICIOUS_MOVE = YES;
				CLANG_WARN_UNGUARDED_AVAILABILITY = YES_AGGRESSIVE;
				CLANG_WARN_UNREACHABLE_CODE = YES;
				CLANG_WARN__DUPLICATE_METHOD_MATCH = YES;
				COPY_PHASE_STRIP = NO;
				DEBUG_INFORMATION_FORMAT = dwarf;
				ENABLE_STRICT_OBJC_MSGSEND = YES;
				ENABLE_TESTABILITY = YES;
				ENABLE_USER_SCRIPT_SANDBOXING = YES;
				GCC_C_LANGUAGE_STANDARD = gnu17;
				GCC_DYNAMIC_NO_PIC = NO;
				GCC_NO_COMMON_BLOCKS = YES;
				GCC_OPTIMIZATION_LEVEL = 0;
				GCC_PREPROCESSOR_DEFINITIONS = (
					"DEBUG=1",
					"$(inherited)",
				);
				GCC_WARN_64_TO_32_BIT_CONVERSION = YES;
				GCC_WARN_ABOUT_RETURN_TYPE = YES_ERROR;
				GCC_WARN_UNDECLARED_SELECTOR = YES;
				GCC_WARN_UNINITIALIZED_AUTOS = YES_AGGRESSIVE;
				GCC_WARN_UNUSED_FUNCTION = YES;
				GCC_WARN_UNUSED_VARIABLE = YES;
				IPHONEOS_DEPLOYMENT_TARGET = 18.5;
				LOCALIZATION_PREFERS_STRING_CATALOGS = YES;
				MTL_ENABLE_DEBUG_INFO = INCLUDE_SOURCE;
				MTL_FAST_MATH = YES;
				ONLY_ACTIVE_ARCH = YES;
				SDKROOT = iphoneos;
				SWIFT_ACTIVE_COMPILATION_CONDITIONS = "DEBUG $(inherited)";
				SWIFT_OPTIMIZATION_LEVEL = "-Onone";
			};
			name = Debug;
		};
		A271BFC42E68B0CE00C03C7C /* Release */ = {
			isa = XCBuildConfiguration;
			buildSettings = {
				ALWAYS_SEARCH_USER_PATHS = NO;
				ASSETCATALOG_COMPILER_GENERATE_SWIFT_ASSET_SYMBOL_EXTENSIONS = YES;
				CLANG_ANALYZER_NONNULL = YES;
				CLANG_ANALYZER_NUMBER_OBJECT_CONVERSION = YES_AGGRESSIVE;
				CLANG_CXX_LANGUAGE_STANDARD = "gnu++20";
				CLANG_ENABLE_MODULES = YES;
				CLANG_ENABLE_OBJC_ARC = YES;
				CLANG_ENABLE_OBJC_WEAK = YES;
				CLANG_WARN_BLOCK_CAPTURE_AUTORELEASING = YES;
				CLANG_WARN_BOOL_CONVERSION = YES;
				CLANG_WARN_COMMA = YES;
				CLANG_WARN_CONSTANT_CONVERSION = YES;
				CLANG_WARN_DEPRECATED_OBJC_IMPLEMENTATIONS = YES;
				CLANG_WARN_DIRECT_OBJC_ISA_USAGE = YES_ERROR;
				CLANG_WARN_DOCUMENTATION_COMMENTS = YES;
				CLANG_WARN_EMPTY_BODY = YES;
				CLANG_WARN_ENUM_CONVERSION = YES;
				CLANG_WARN_INFINITE_RECURSION = YES;
				CLANG_WARN_INT_CONVERSION = YES;
				CLANG_WARN_NON_LITERAL_NULL_CONVERSION = YES;
				CLANG_WARN_OBJC_IMPLICIT_RETAIN_SELF = YES;
				CLANG_WARN_OBJC_LITERAL_CONVERSION = YES;
				CLANG_WARN_OBJC_ROOT_CLASS = YES_ERROR;
				CLANG_WARN_QUOTED_INCLUDE_IN_FRAMEWORK_HEADER = YES;
				CLANG_WARN_RANGE_LOOP_ANALYSIS = YES;
				CLANG_WARN_STRICT_PROTOTYPES = YES;
				CLANG_WARN_SUSPICIOUS_MOVE = YES;
				CLANG_WARN_UNGUARDED_AVAILABILITY = YES_AGGRESSIVE;
				CLANG_WARN_UNREACHABLE_CODE = YES;
				CLANG_WARN__DUPLICATE_METHOD_MATCH = YES;
				COPY_PHASE_STRIP = NO;
				DEBUG_INFORMATION_FORMAT = "dwarf-with-dsym";
				ENABLE_NS_ASSERTIONS = NO;
				ENABLE_STRICT_OBJC_MSGSEND = YES;
				ENABLE_USER_SCRIPT_SANDBOXING = YES;
				GCC_C_LANGUAGE_STANDARD = gnu17;
				GCC_NO_COMMON_BLOCKS = YES;
				GCC_WARN_64_TO_32_BIT_CONVERSION = YES;
				GCC_WARN_ABOUT_RETURN_TYPE = YES_ERROR;
				GCC_WARN_UNDECLARED_SELECTOR = YES;
				GCC_WARN_UNINITIALIZED_AUTOS = YES_AGGRESSIVE;
				GCC_WARN_UNUSED_FUNCTION = YES;
				GCC_WARN_UNUSED_VARIABLE = YES;
				IPHONEOS_DEPLOYMENT_TARGET = 18.5;
				LOCALIZATION_PREFERS_STRING_CATALOGS = YES;
				MTL_ENABLE_DEBUG_INFO = NO;
				MTL_FAST_MATH = YES;
				SDKROOT = iphoneos;
				SWIFT_COMPILATION_MODE = wholemodule;
				VALIDATE_PRODUCT = YES;
			};
			name = Release;
		};
		A271BFC62E68B0CE00C03C7C /* Debug */ = {
			isa = XCBuildConfiguration;
			buildSettings = {
				BUNDLE_LOADER = "$(TEST_HOST)";
				CODE_SIGN_STYLE = Automatic;
				CURRENT_PROJECT_VERSION = 1;
				GENERATE_INFOPLIST_FILE = YES;
				IPHONEOS_DEPLOYMENT_TARGET = 18.5;
				MARKETING_VERSION = 1.0;
				PRODUCT_BUNDLE_IDENTIFIER = mx.unam.GettingStarted3Tests;
				PRODUCT_NAME = "$(TARGET_NAME)";
				SWIFT_EMIT_LOC_STRINGS = NO;
				SWIFT_VERSION = 5.0;
				TARGETED_DEVICE_FAMILY = "1,2";
				TEST_HOST = "$(BUILT_PRODUCTS_DIR)/GettingStarted3.app/$(BUNDLE_EXECUTABLE_FOLDER_PATH)/GettingStarted3";
			};
			name = Debug;
		};
		A271BFC72E68B0CE00C03C7C /* Release */ = {
			isa = XCBuildConfiguration;
			buildSettings = {
				BUNDLE_LOADER = "$(TEST_HOST)";
				CODE_SIGN_STYLE = Automatic;
				CURRENT_PROJECT_VERSION = 1;
				GENERATE_INFOPLIST_FILE = YES;
				IPHONEOS_DEPLOYMENT_TARGET = 18.5;
				MARKETING_VERSION = 1.0;
				PRODUCT_BUNDLE_IDENTIFIER = mx.unam.GettingStarted3Tests;
				PRODUCT_NAME = "$(TARGET_NAME)";
				SWIFT_EMIT_LOC_STRINGS = NO;
				SWIFT_VERSION = 5.0;
				TARGETED_DEVICE_FAMILY = "1,2";
				TEST_HOST = "$(BUILT_PRODUCTS_DIR)/GettingStarted3.app/$(BUNDLE_EXECUTABLE_FOLDER_PATH)/GettingStarted3";
			};
			name = Release;
		};
		A271BFC92E68B0CE00C03C7C /* Debug */ = {
			isa = XCBuildConfiguration;
			buildSettings = {
				CODE_SIGN_STYLE = Automatic;
				CURRENT_PROJECT_VERSION = 1;
				GENERATE_INFOPLIST_FILE = YES;
				MARKETING_VERSION = 1.0;
				PRODUCT_BUNDLE_IDENTIFIER = mx.unam.GettingStarted3UITests;
				PRODUCT_NAME = "$(TARGET_NAME)";
				SWIFT_EMIT_LOC_STRINGS = NO;
				SWIFT_VERSION = 5.0;
				TARGETED_DEVICE_FAMILY = "1,2";
				TEST_TARGET_NAME = GettingStarted3;
			};
			name = Debug;
		};
		A271BFCA2E68B0CE00C03C7C /* Release */ = {
			isa = XCBuildConfiguration;
			buildSettings = {
				CODE_SIGN_STYLE = Automatic;
				CURRENT_PROJECT_VERSION = 1;
				GENERATE_INFOPLIST_FILE = YES;
				MARKETING_VERSION = 1.0;
				PRODUCT_BUNDLE_IDENTIFIER = mx.unam.GettingStarted3UITests;
				PRODUCT_NAME = "$(TARGET_NAME)";
				SWIFT_EMIT_LOC_STRINGS = NO;
				SWIFT_VERSION = 5.0;
				TARGETED_DEVICE_FAMILY = "1,2";
				TEST_TARGET_NAME = GettingStarted3;
			};
			name = Release;
		};
/* End XCBuildConfiguration section */

/* Begin XCConfigurationList section */
		A271BF922E68B0CB00C03C7C /* Build configuration list for PBXProject "GettingStarted3" */ = {
			isa = XCConfigurationList;
			buildConfigurations = (
				A271BFC32E68B0CE00C03C7C /* Debug */,
				A271BFC42E68B0CE00C03C7C /* Release */,
			);
			defaultConfigurationIsVisible = 0;
			defaultConfigurationName = Release;
		};
		A271BFC02E68B0CE00C03C7C /* Build configuration list for PBXNativeTarget "GettingStarted3" */ = {
			isa = XCConfigurationList;
			buildConfigurations = (
				A271BFC12E68B0CE00C03C7C /* Debug */,
				A271BFC22E68B0CE00C03C7C /* Release */,
			);
			defaultConfigurationIsVisible = 0;
			defaultConfigurationName = Release;
		};
		A271BFC52E68B0CE00C03C7C /* Build configuration list for PBXNativeTarget "GettingStarted3Tests" */ = {
			isa = XCConfigurationList;
			buildConfigurations = (
				A271BFC62E68B0CE00C03C7C /* Debug */,
				A271BFC72E68B0CE00C03C7C /* Release */,
			);
			defaultConfigurationIsVisible = 0;
			defaultConfigurationName = Release;
		};
		A271BFC82E68B0CE00C03C7C /* Build configuration list for PBXNativeTarget "GettingStarted3UITests" */ = {
			isa = XCConfigurationList;
			buildConfigurations = (
				A271BFC92E68B0CE00C03C7C /* Debug */,
				A271BFCA2E68B0CE00C03C7C /* Release */,
			);
			defaultConfigurationIsVisible = 0;
			defaultConfigurationName = Release;
		};
/* End XCConfigurationList section */
	};
	rootObject = A271BF8F2E68B0CB00C03C7C /* Project object */;
}
