// !$*UTF8*$!
{
	archiveVersion = 1;
	classes = {
	};
	objectVersion = 77;
	objects = {

/* Begin PBXContainerItemProxy section */
		A271BF722E68B04100C03C7C /* PBXContainerItemProxy */ = {
			isa = PBXContainerItemProxy;
			containerPortal = A271BF5C2E68B03E00C03C7C /* Project object */;
			proxyType = 1;
			remoteGlobalIDString = A271BF632E68B03E00C03C7C;
			remoteInfo = GettingStarted2;
		};
		A271BF7C2E68B04100C03C7C /* PBXContainerItemProxy */ = {
			isa = PBXContainerItemProxy;
			containerPortal = A271BF5C2E68B03E00C03C7C /* Project object */;
			proxyType = 1;
			remoteGlobalIDString = A271BF632E68B03E00C03C7C;
			remoteInfo = GettingStarted2;
		};
/* End PBXContainerItemProxy section */

/* Begin PBXFileReference section */
		A271BF642E68B03E00C03C7C /* GettingStarted2.app */ = {isa = PBXFileReference; explicitFileType = wrapper.application; includeInIndex = 0; path = GettingStarted2.app; sourceTree = BUILT_PRODUCTS_DIR; };
		A271BF712E68B04100C03C7C /* GettingStarted2Tests.xctest */ = {isa = PBXFileReference; explicitFileType = wrapper.cfbundle; includeInIndex = 0; path = GettingStarted2Tests.xctest; sourceTree = BUILT_PRODUCTS_DIR; };
		A271BF7B2E68B04100C03C7C /* GettingStarted2UITests.xctest */ = {isa = PBXFileReference; explicitFileType = wrapper.cfbundle; includeInIndex = 0; path = GettingStarted2UITests.xctest; sourceTree = BUILT_PRODUCTS_DIR; };
/* End PBXFileReference section */

/* Begin PBXFileSystemSynchronizedRootGroup section */
		A271BF662E68B03E00C03C7C /* GettingStarted2 */ = {
			isa = PBXFileSystemSynchronizedRootGroup;
			path = GettingStarted2;
			sourceTree = "<group>";
		};
		A271BF742E68B04100C03C7C /* GettingStarted2Tests */ = {
			isa = PBXFileSystemSynchronizedRootGroup;
			path = GettingStarted2Tests;
			sourceTree = "<group>";
		};
		A271BF7E2E68B04100C03C7C /* GettingStarted2UITests */ = {
			isa = PBXFileSystemSynchronizedRootGroup;
			path = GettingStarted2UITests;
			sourceTree = "<group>";
		};
/* End PBXFileSystemSynchronizedRootGroup section */

/* Begin PBXFrameworksBuildPhase section */
		A271BF612E68B03E00C03C7C /* Frameworks */ = {
			isa = PBXFrameworksBuildPhase;
			buildActionMask = 2147483647;
			files = (
			);
			runOnlyForDeploymentPostprocessing = 0;
		};
		A271BF6E2E68B04100C03C7C /* Frameworks */ = {
			isa = PBXFrameworksBuildPhase;
			buildActionMask = 2147483647;
			files = (
			);
			runOnlyForDeploymentPostprocessing = 0;
		};
		A271BF782E68B04100C03C7C /* Frameworks */ = {
			isa = PBXFrameworksBuildPhase;
			buildActionMask = 2147483647;
			files = (
			);
			runOnlyForDeploymentPostprocessing = 0;
		};
/* End PBXFrameworksBuildPhase section */

/* Begin PBXGroup section */
		A271BF5B2E68B03E00C03C7C = {
			isa = PBXGroup;
			children = (
				A271BF662E68B03E00C03C7C /* GettingStarted2 */,
				A271BF742E68B04100C03C7C /* GettingStarted2Tests */,
				A271BF7E2E68B04100C03C7C /* GettingStarted2UITests */,
				A271BF652E68B03E00C03C7C /* Products */,
			);
			sourceTree = "<group>";
		};
		A271BF652E68B03E00C03C7C /* Products */ = {
			isa = PBXGroup;
			children = (
				A271BF642E68B03E00C03C7C /* GettingStarted2.app */,
				A271BF712E68B04100C03C7C /* GettingStarted2Tests.xctest */,
				A271BF7B2E68B04100C03C7C /* GettingStarted2UITests.xctest */,
			);
			name = Products;
			sourceTree = "<group>";
		};
/* End PBXGroup section */

/* Begin PBXNativeTarget section */
		A271BF632E68B03E00C03C7C /* GettingStarted2 */ = {
			isa = PBXNativeTarget;
			buildConfigurationList = A271BF852E68B04100C03C7C /* Build configuration list for PBXNativeTarget "GettingStarted2" */;
			buildPhases = (
				A271BF602E68B03E00C03C7C /* Sources */,
				A271BF612E68B03E00C03C7C /* Frameworks */,
				A271BF622E68B03E00C03C7C /* Resources */,
			);
			buildRules = (
			);
			dependencies = (
			);
			fileSystemSynchronizedGroups = (
				A271BF662E68B03E00C03C7C /* GettingStarted2 */,
			);
			name = GettingStarted2;
			packageProductDependencies = (
			);
			productName = GettingStarted2;
			productReference = A271BF642E68B03E00C03C7C /* GettingStarted2.app */;
			productType = "com.apple.product-type.application";
		};
		A271BF702E68B04100C03C7C /* GettingStarted2Tests */ = {
			isa = PBXNativeTarget;
			buildConfigurationList = A271BF882E68B04100C03C7C /* Build configuration list for PBXNativeTarget "GettingStarted2Tests" */;
			buildPhases = (
				A271BF6D2E68B04100C03C7C /* Sources */,
				A271BF6E2E68B04100C03C7C /* Frameworks */,
				A271BF6F2E68B04100C03C7C /* Resources */,
			);
			buildRules = (
			);
			dependencies = (
				A271BF732E68B04100C03C7C /* PBXTargetDependency */,
			);
			fileSystemSynchronizedGroups = (
				A271BF742E68B04100C03C7C /* GettingStarted2Tests */,
			);
			name = GettingStarted2Tests;
			packageProductDependencies = (
			);
			productName = GettingStarted2Tests;
			productReference = A271BF712E68B04100C03C7C /* GettingStarted2Tests.xctest */;
			productType = "com.apple.product-type.bundle.unit-test";
		};
		A271BF7A2E68B04100C03C7C /* GettingStarted2UITests */ = {
			isa = PBXNativeTarget;
			buildConfigurationList = A271BF8B2E68B04100C03C7C /* Build configuration list for PBXNativeTarget "GettingStarted2UITests" */;
			buildPhases = (
				A271BF772E68B04100C03C7C /* Sources */,
				A271BF782E68B04100C03C7C /* Frameworks */,
				A271BF792E68B04100C03C7C /* Resources */,
			);
			buildRules = (
			);
			dependencies = (
				A271BF7D2E68B04100C03C7C /* PBXTargetDependency */,
			);
			fileSystemSynchronizedGroups = (
				A271BF7E2E68B04100C03C7C /* GettingStarted2UITests */,
			);
			name = GettingStarted2UITests;
			packageProductDependencies = (
			);
			productName = GettingStarted2UITests;
			productReference = A271BF7B2E68B04100C03C7C /* GettingStarted2UITests.xctest */;
			productType = "com.apple.product-type.bundle.ui-testing";
		};
/* End PBXNativeTarget section */

/* Begin PBXProject section */
		A271BF5C2E68B03E00C03C7C /* Project object */ = {
			isa = PBXProject;
			attributes = {
				BuildIndependentTargetsInParallel = 1;
				LastSwiftUpdateCheck = 1640;
				LastUpgradeCheck = 1640;
				TargetAttributes = {
					A271BF632E68B03E00C03C7C = {
						CreatedOnToolsVersion = 16.4;
					};
					A271BF702E68B04100C03C7C = {
						CreatedOnToolsVersion = 16.4;
						TestTargetID = A271BF632E68B03E00C03C7C;
					};
					A271BF7A2E68B04100C03C7C = {
						CreatedOnToolsVersion = 16.4;
						TestTargetID = A271BF632E68B03E00C03C7C;
					};
				};
			};
			buildConfigurationList = A271BF5F2E68B03E00C03C7C /* Build configuration list for PBXProject "GettingStarted2" */;
			developmentRegion = en;
			hasScannedForEncodings = 0;
			knownRegions = (
				en,
				Base,
			);
			mainGroup = A271BF5B2E68B03E00C03C7C;
			minimizedProjectReferenceProxies = 1;
			preferredProjectObjectVersion = 77;
			productRefGroup = A271BF652E68B03E00C03C7C /* Products */;
			projectDirPath = "";
			projectRoot = "";
			targets = (
				A271BF632E68B03E00C03C7C /* GettingStarted2 */,
				A271BF702E68B04100C03C7C /* GettingStarted2Tests */,
				A271BF7A2E68B04100C03C7C /* GettingStarted2UITests */,
			);
		};
/* End PBXProject section */

/* Begin PBXResourcesBuildPhase section */
		A271BF622E68B03E00C03C7C /* Resources */ = {
			isa = PBXResourcesBuildPhase;
			buildActionMask = 2147483647;
			files = (
			);
			runOnlyForDeploymentPostprocessing = 0;
		};
		A271BF6F2E68B04100C03C7C /* Resources */ = {
			isa = PBXResourcesBuildPhase;
			buildActionMask = 2147483647;
			files = (
			);
			runOnlyForDeploymentPostprocessing = 0;
		};
		A271BF792E68B04100C03C7C /* Resources */ = {
			isa = PBXResourcesBuildPhase;
			buildActionMask = 2147483647;
			files = (
			);
			runOnlyForDeploymentPostprocessing = 0;
		};
/* End PBXResourcesBuildPhase section */

/* Begin PBXSourcesBuildPhase section */
		A271BF602E68B03E00C03C7C /* Sources */ = {
			isa = PBXSourcesBuildPhase;
			buildActionMask = 2147483647;
			files = (
			);
			runOnlyForDeploymentPostprocessing = 0;
		};
		A271BF6D2E68B04100C03C7C /* Sources */ = {
			isa = PBXSourcesBuildPhase;
			buildActionMask = 2147483647;
			files = (
			);
			runOnlyForDeploymentPostprocessing = 0;
		};
		A271BF772E68B04100C03C7C /* Sources */ = {
			isa = PBXSourcesBuildPhase;
			buildActionMask = 2147483647;
			files = (
			);
			runOnlyForDeploymentPostprocessing = 0;
		};
/* End PBXSourcesBuildPhase section */

/* Begin PBXTargetDependency section */
		A271BF732E68B04100C03C7C /* PBXTargetDependency */ = {
			isa = PBXTargetDependency;
			target = A271BF632E68B03E00C03C7C /* GettingStarted2 */;
			targetProxy = A271BF722E68B04100C03C7C /* PBXContainerItemProxy */;
		};
		A271BF7D2E68B04100C03C7C /* PBXTargetDependency */ = {
			isa = PBXTargetDependency;
			target = A271BF632E68B03E00C03C7C /* GettingStarted2 */;
			targetProxy = A271BF7C2E68B04100C03C7C /* PBXContainerItemProxy */;
		};
/* End PBXTargetDependency section */

/* Begin XCBuildConfiguration section */
		A271BF832E68B04100C03C7C /* Debug */ = {
			isa = XCBuildConfiguration;
			buildSettings = {
				ALWAYS_SEARCH_USER_PATHS = NO;
				ASSETCATALOG_COMPILER_GENERATE_SWIFT_ASSET_SYMBOL_EXTENSIONS = YES;
				CLANG_ANALYZER_NONNULL = YES;
				CLANG_ANALYZER_NUMBER_OBJECT_CONVERSION = YES_AGGRESSIVE;
				CLANG_CXX_LANGUAGE_STANDARD = "gnu++20";
				CLANG_ENABLE_MODULES = YES;
				CLANG_ENABLE_OBJC_ARC = YES;
				CLANG_ENABLE_OBJC_WEAK = YES;
				CLANG_WARN_BLOCK_CAPTURE_AUTORELEASING = YES;
				CLANG_WARN_BOOL_CONVERSION = YES;
				CLANG_WARN_COMMA = YES;
				CLANG_WARN_CONSTANT_CONVERSION = YES;
				CLANG_WARN_DEPRECATED_OBJC_IMPLEMENTATIONS = YES;
				CLANG_WARN_DIRECT_OBJC_ISA_USAGE = YES_ERROR;
				CLANG_WARN_DOCUMENTATION_COMMENTS = YES;
				CLANG_WARN_EMPTY_BODY = YES;
				CLANG_WARN_ENUM_CONVERSION = YES;
				CLANG_WARN_INFINITE_RECURSION = YES;
				CLANG_WARN_INT_CONVERSION = YES;
				CLANG_WARN_NON_LITERAL_NULL_CONVERSION = YES;
				CLANG_WARN_OBJC_IMPLICIT_RETAIN_SELF = YES;
				CLANG_WARN_OBJC_LITERAL_CONVERSION = YES;
				CLANG_WARN_OBJC_ROOT_CLASS = YES_ERROR;
				CLANG_WARN_QUOTED_INCLUDE_IN_FRAMEWORK_HEADER = YES;
				CLANG_WARN_RANGE_LOOP_ANALYSIS = YES;
				CLANG_WARN_STRICT_PROTOTYPES = YES;
				CLANG_WARN_SUSPICIOUS_MOVE = YES;
				CLANG_WARN_UNGUARDED_AVAILABILITY = YES_AGGRESSIVE;
				CLANG_WARN_UNREACHABLE_CODE = YES;
				CLANG_WARN__DUPLICATE_METHOD_MATCH = YES;
				COPY_PHASE_STRIP = NO;
				DEBUG_INFORMATION_FORMAT = dwarf;
				ENABLE_STRICT_OBJC_MSGSEND = YES;
				ENABLE_TESTABILITY = YES;
				ENABLE_USER_SCRIPT_SANDBOXING = YES;
				GCC_C_LANGUAGE_STANDARD = gnu17;
				GCC_DYNAMIC_NO_PIC = NO;
				GCC_NO_COMMON_BLOCKS = YES;
				GCC_OPTIMIZATION_LEVEL = 0;
				GCC_PREPROCESSOR_DEFINITIONS = (
					"DEBUG=1",
					"$(inherited)",
				);
				GCC_WARN_64_TO_32_BIT_CONVERSION = YES;
				GCC_WARN_ABOUT_RETURN_TYPE = YES_ERROR;
				GCC_WARN_UNDECLARED_SELECTOR = YES;
				GCC_WARN_UNINITIALIZED_AUTOS = YES_AGGRESSIVE;
				GCC_WARN_UNUSED_FUNCTION = YES;
				GCC_WARN_UNUSED_VARIABLE = YES;
				IPHONEOS_DEPLOYMENT_TARGET = 18.5;
				LOCALIZATION_PREFERS_STRING_CATALOGS = YES;
				MTL_ENABLE_DEBUG_INFO = INCLUDE_SOURCE;
				MTL_FAST_MATH = YES;
				ONLY_ACTIVE_ARCH = YES;
				SDKROOT = iphoneos;
				SWIFT_ACTIVE_COMPILATION_CONDITIONS = "DEBUG $(inherited)";
				SWIFT_OPTIMIZATION_LEVEL = "-Onone";
			};
			name = Debug;
		};
		A271BF842E68B04100C03C7C /* Release */ = {
			isa = XCBuildConfiguration;
			buildSettings = {
				ALWAYS_SEARCH_USER_PATHS = NO;
				ASSETCATALOG_COMPILER_GENERATE_SWIFT_ASSET_SYMBOL_EXTENSIONS = YES;
				CLANG_ANALYZER_NONNULL = YES;
				CLANG_ANALYZER_NUMBER_OBJECT_CONVERSION = YES_AGGRESSIVE;
				CLANG_CXX_LANGUAGE_STANDARD = "gnu++20";
				CLANG_ENABLE_MODULES = YES;
				CLANG_ENABLE_OBJC_ARC = YES;
				CLANG_ENABLE_OBJC_WEAK = YES;
				CLANG_WARN_BLOCK_CAPTURE_AUTORELEASING = YES;
				CLANG_WARN_BOOL_CONVERSION = YES;
				CLANG_WARN_COMMA = YES;
				CLANG_WARN_CONSTANT_CONVERSION = YES;
				CLANG_WARN_DEPRECATED_OBJC_IMPLEMENTATIONS = YES;
				CLANG_WARN_DIRECT_OBJC_ISA_USAGE = YES_ERROR;
				CLANG_WARN_DOCUMENTATION_COMMENTS = YES;
				CLANG_WARN_EMPTY_BODY = YES;
				CLANG_WARN_ENUM_CONVERSION = YES;
				CLANG_WARN_INFINITE_RECURSION = YES;
				CLANG_WARN_INT_CONVERSION = YES;
				CLANG_WARN_NON_LITERAL_NULL_CONVERSION = YES;
				CLANG_WARN_OBJC_IMPLICIT_RETAIN_SELF = YES;
				CLANG_WARN_OBJC_LITERAL_CONVERSION = YES;
				CLANG_WARN_OBJC_ROOT_CLASS = YES_ERROR;
				CLANG_WARN_QUOTED_INCLUDE_IN_FRAMEWORK_HEADER = YES;
				CLANG_WARN_RANGE_LOOP_ANALYSIS = YES;
				CLANG_WARN_STRICT_PROTOTYPES = YES;
				CLANG_WARN_SUSPICIOUS_MOVE = YES;
				CLANG_WARN_UNGUARDED_AVAILABILITY = YES_AGGRESSIVE;
				CLANG_WARN_UNREACHABLE_CODE = YES;
				CLANG_WARN__DUPLICATE_METHOD_MATCH = YES;
				COPY_PHASE_STRIP = NO;
				DEBUG_INFORMATION_FORMAT = "dwarf-with-dsym";
				ENABLE_NS_ASSERTIONS = NO;
				ENABLE_STRICT_OBJC_MSGSEND = YES;
				ENABLE_USER_SCRIPT_SANDBOXING = YES;
				GCC_C_LANGUAGE_STANDARD = gnu17;
				GCC_NO_COMMON_BLOCKS = YES;
				GCC_WARN_64_TO_32_BIT_CONVERSION = YES;
				GCC_WARN_ABOUT_RETURN_TYPE = YES_ERROR;
				GCC_WARN_UNDECLARED_SELECTOR = YES;
				GCC_WARN_UNINITIALIZED_AUTOS = YES_AGGRESSIVE;
				GCC_WARN_UNUSED_FUNCTION = YES;
				GCC_WARN_UNUSED_VARIABLE = YES;
				IPHONEOS_DEPLOYMENT_TARGET = 18.5;
				LOCALIZATION_PREFERS_STRING_CATALOGS = YES;
				MTL_ENABLE_DEBUG_INFO = NO;
				MTL_FAST_MATH = YES;
				SDKROOT = iphoneos;
				SWIFT_COMPILATION_MODE = wholemodule;
				VALIDATE_PRODUCT = YES;
			};
			name = Release;
		};
		A271BF862E68B04100C03C7C /* Debug */ = {
			isa = XCBuildConfiguration;
			buildSettings = {
				ASSETCATALOG_COMPILER_APPICON_NAME = AppIcon;
				ASSETCATALOG_COMPILER_GLOBAL_ACCENT_COLOR_NAME = AccentColor;
				CODE_SIGN_STYLE = Automatic;
				CURRENT_PROJECT_VERSION = 1;
				ENABLE_PREVIEWS = YES;
				GENERATE_INFOPLIST_FILE = YES;
				INFOPLIST_KEY_UIApplicationSceneManifest_Generation = YES;
				INFOPLIST_KEY_UIApplicationSupportsIndirectInputEvents = YES;
				INFOPLIST_KEY_UILaunchScreen_Generation = YES;
				INFOPLIST_KEY_UISupportedInterfaceOrientations_iPad = "UIInterfaceOrientationPortrait UIInterfaceOrientationPortraitUpsideDown UIInterfaceOrientationLandscapeLeft UIInterfaceOrientationLandscapeRight";
				INFOPLIST_KEY_UISupportedInterfaceOrientations_iPhone = "UIInterfaceOrientationPortrait UIInterfaceOrientationLandscapeLeft UIInterfaceOrientationLandscapeRight";
				LD_RUNPATH_SEARCH_PATHS = (
					"$(inherited)",
					"@executable_path/Frameworks",
				);
				MARKETING_VERSION = 1.0;
				PRODUCT_BUNDLE_IDENTIFIER = mx.unam.GettingStarted2;
				PRODUCT_NAME = "$(TARGET_NAME)";
				SWIFT_EMIT_LOC_STRINGS = YES;
				SWIFT_VERSION = 5.0;
				TARGETED_DEVICE_FAMILY = "1,2";
			};
			name = Debug;
		};
		A271BF872E68B04100C03C7C /* Release */ = {
			isa = XCBuildConfiguration;
			buildSettings = {
				ASSETCATALOG_COMPILER_APPICON_NAME = AppIcon;
				ASSETCATALOG_COMPILER_GLOBAL_ACCENT_COLOR_NAME = AccentColor;
				CODE_SIGN_STYLE = Automatic;
				CURRENT_PROJECT_VERSION = 1;
				ENABLE_PREVIEWS = YES;
				GENERATE_INFOPLIST_FILE = YES;
				INFOPLIST_KEY_UIApplicationSceneManifest_Generation = YES;
				INFOPLIST_KEY_UIApplicationSupportsIndirectInputEvents = YES;
				INFOPLIST_KEY_UILaunchScreen_Generation = YES;
				INFOPLIST_KEY_UISupportedInterfaceOrientations_iPad = "UIInterfaceOrientationPortrait UIInterfaceOrientationPortraitUpsideDown UIInterfaceOrientationLandscapeLeft UIInterfaceOrientationLandscapeRight";
				INFOPLIST_KEY_UISupportedInterfaceOrientations_iPhone = "UIInterfaceOrientationPortrait UIInterfaceOrientationLandscapeLeft UIInterfaceOrientationLandscapeRight";
				LD_RUNPATH_SEARCH_PATHS = (
					"$(inherited)",
					"@executable_path/Frameworks",
				);
				MARKETING_VERSION = 1.0;
				PRODUCT_BUNDLE_IDENTIFIER = mx.unam.GettingStarted2;
				PRODUCT_NAME = "$(TARGET_NAME)";
				SWIFT_EMIT_LOC_STRINGS = YES;
				SWIFT_VERSION = 5.0;
				TARGETED_DEVICE_FAMILY = "1,2";
			};
			name = Release;
		};
		A271BF892E68B04100C03C7C /* Debug */ = {
			isa = XCBuildConfiguration;
			buildSettings = {
				BUNDLE_LOADER = "$(TEST_HOST)";
				CODE_SIGN_STYLE = Automatic;
				CURRENT_PROJECT_VERSION = 1;
				GENERATE_INFOPLIST_FILE = YES;
				IPHONEOS_DEPLOYMENT_TARGET = 18.5;
				MARKETING_VERSION = 1.0;
				PRODUCT_BUNDLE_IDENTIFIER = mx.unam.GettingStarted2Tests;
				PRODUCT_NAME = "$(TARGET_NAME)";
				SWIFT_EMIT_LOC_STRINGS = NO;
				SWIFT_VERSION = 5.0;
				TARGETED_DEVICE_FAMILY = "1,2";
				TEST_HOST = "$(BUILT_PRODUCTS_DIR)/GettingStarted2.app/$(BUNDLE_EXECUTABLE_FOLDER_PATH)/GettingStarted2";
			};
			name = Debug;
		};
		A271BF8A2E68B04100C03C7C /* Release */ = {
			isa = XCBuildConfiguration;
			buildSettings = {
				BUNDLE_LOADER = "$(TEST_HOST)";
				CODE_SIGN_STYLE = Automatic;
				CURRENT_PROJECT_VERSION = 1;
				GENERATE_INFOPLIST_FILE = YES;
				IPHONEOS_DEPLOYMENT_TARGET = 18.5;
				MARKETING_VERSION = 1.0;
				PRODUCT_BUNDLE_IDENTIFIER = mx.unam.GettingStarted2Tests;
				PRODUCT_NAME = "$(TARGET_NAME)";
				SWIFT_EMIT_LOC_STRINGS = NO;
				SWIFT_VERSION = 5.0;
				TARGETED_DEVICE_FAMILY = "1,2";
				TEST_HOST = "$(BUILT_PRODUCTS_DIR)/GettingStarted2.app/$(BUNDLE_EXECUTABLE_FOLDER_PATH)/GettingStarted2";
			};
			name = Release;
		};
		A271BF8C2E68B04100C03C7C /* Debug */ = {
			isa = XCBuildConfiguration;
			buildSettings = {
				CODE_SIGN_STYLE = Automatic;
				CURRENT_PROJECT_VERSION = 1;
				GENERATE_INFOPLIST_FILE = YES;
				MARKETING_VERSION = 1.0;
				PRODUCT_BUNDLE_IDENTIFIER = mx.unam.GettingStarted2UITests;
				PRODUCT_NAME = "$(TARGET_NAME)";
				SWIFT_EMIT_LOC_STRINGS = NO;
				SWIFT_VERSION = 5.0;
				TARGETED_DEVICE_FAMILY = "1,2";
				TEST_TARGET_NAME = GettingStarted2;
			};
			name = Debug;
		};
		A271BF8D2E68B04100C03C7C /* Release */ = {
			isa = XCBuildConfiguration;
			buildSettings = {
				CODE_SIGN_STYLE = Automatic;
				CURRENT_PROJECT_VERSION = 1;
				GENERATE_INFOPLIST_FILE = YES;
				MARKETING_VERSION = 1.0;
				PRODUCT_BUNDLE_IDENTIFIER = mx.unam.GettingStarted2UITests;
				PRODUCT_NAME = "$(TARGET_NAME)";
				SWIFT_EMIT_LOC_STRINGS = NO;
				SWIFT_VERSION = 5.0;
				TARGETED_DEVICE_FAMILY = "1,2";
				TEST_TARGET_NAME = GettingStarted2;
			};
			name = Release;
		};
/* End XCBuildConfiguration section */

/* Begin XCConfigurationList section */
		A271BF5F2E68B03E00C03C7C /* Build configuration list for PBXProject "GettingStarted2" */ = {
			isa = XCConfigurationList;
			buildConfigurations = (
				A271BF832E68B04100C03C7C /* Debug */,
				A271BF842E68B04100C03C7C /* Release */,
			);
			defaultConfigurationIsVisible = 0;
			defaultConfigurationName = Release;
		};
		A271BF852E68B04100C03C7C /* Build configuration list for PBXNativeTarget "GettingStarted2" */ = {
			isa = XCConfigurationList;
			buildConfigurations = (
				A271BF862E68B04100C03C7C /* Debug */,
				A271BF872E68B04100C03C7C /* Release */,
			);
			defaultConfigurationIsVisible = 0;
			defaultConfigurationName = Release;
		};
		A271BF882E68B04100C03C7C /* Build configuration list for PBXNativeTarget "GettingStarted2Tests" */ = {
			isa = XCConfigurationList;
			buildConfigurations = (
				A271BF892E68B04100C03C7C /* Debug */,
				A271BF8A2E68B04100C03C7C /* Release */,
			);
			defaultConfigurationIsVisible = 0;
			defaultConfigurationName = Release;
		};
		A271BF8B2E68B04100C03C7C /* Build configuration list for PBXNativeTarget "GettingStarted2UITests" */ = {
			isa = XCConfigurationList;
			buildConfigurations = (
				A271BF8C2E68B04100C03C7C /* Debug */,
				A271BF8D2E68B04100C03C7C /* Release */,
			);
			defaultConfigurationIsVisible = 0;
			defaultConfigurationName = Release;
		};
/* End XCConfigurationList section */
	};
	rootObject = A271BF5C2E68B03E00C03C7C /* Project object */;
}
